
Microsoft Visual Studio Solution File, Format Version 12.00
Project("{FAE04EC0-301F-11D3-BF4B-00C04F79EFBC}") = "mvc-and-react", "mvc-and-react\mvc-and-react.csproj", "{03E42DC3-E696-4EBB-AFFF-A222E1D7691D}"
EndProject
Global
	GlobalSection(SolutionConfigurationPlatforms) = preSolution
		Debug|Any CPU = Debug|Any CPU
		Release|Any CPU = Release|Any CPU
	EndGlobalSection
	GlobalSection(ProjectConfigurationPlatforms) = postSolution
		{03E42DC3-E696-4EBB-AFFF-A222E1D7691D}.Debug|Any CPU.ActiveCfg = Debug|Any CPU
		{03E42DC3-E696-4EBB-AFFF-A222E1D7691D}.Debug|Any CPU.Build.0 = Debug|Any CPU
		{03E42DC3-E696-4EBB-AFFF-A222E1D7691D}.Release|Any CPU.ActiveCfg = Release|Any CPU
		{03E42DC3-E696-4EBB-AFFF-A222E1D7691D}.Release|Any CPU.Build.0 = Release|Any CPU
	EndGlobalSection
EndGlobal
